{
  "version": 4,
  "terraform_version": "0.14.3",
  "serial": 6,
  "lineage": "c76608ef-38f2-6cc3-e29d-1c3137727636",
  "outputs": {
    "vpc_cidr": {
      "value": "10.0.0.0/16",
      "type": "string"
    }
  },
  "resources": [
    {
      "mode": "managed",
      "type": "aws_vpc",
      "name": "my_vpc",
      "provider": "provider[\"registry.terraform.io/hashicorp/aws\"]",
      "instances": [
        {
          "schema_version": 1,
          "attributes": {
            "arn": "arn:aws:ec2:us-east-1:142525847351:vpc/vpc-08cfb95ea4cf59302",
            "assign_generated_ipv6_cidr_block": false,
            "cidr_block": "10.0.0.0/16",
            "default_network_acl_id": "acl-0f4af0b81827180b4",
            "default_route_table_id": "rtb-04b0f80c9a8cc706b",
            "default_security_group_id": "sg-0c00cfd8aac4f8db6",
            "dhcp_options_id": "dopt-4f7ef435",
            "enable_classiclink": false,
            "enable_classiclink_dns_support": false,
            "enable_dns_hostnames": false,
            "enable_dns_support": true,
            "id": "vpc-08cfb95ea4cf59302",
            "instance_tenancy": "default",
            "ipv6_association_id": "",
            "ipv6_cidr_block": "",
            "main_route_table_id": "rtb-04b0f80c9a8cc706b",
            "owner_id": "142525847351",
            "tags": {
              "Environment": "DEV",
              "Location": "USA",
              "Name": "DevOpsVPC"
            }
          },
          "sensitive_attributes": [],
          "private": "eyJzY2hlbWFfdmVyc2lvbiI6IjEifQ=="
        }
      ]
    }
  ]
}
